
Microsoft Visual Studio Solution File, Format Version 12.00
# Visual Studio Version 16
VisualStudioVersion = 16.0.810.21
MinimumVisualStudioVersion = 10.0.40219.1
Project("{FAE04EC0-301F-11D3-BF4B-00C04F79EFBC}") = "UnitTestingXUnitIntro", "UnitTestingXUnitIntro\UnitTestingXUnitIntro.csproj", "{8894FD61-B8C6-4CA4-94ED-FE5520FAA051}"
EndProject
Project("{FAE04EC0-301F-11D3-BF4B-00C04F79EFBC}") = "UnitTestingXUnitIntro.Tests", "UnitTestingXUnitIntro.Tests\UnitTestingXUnitIntro.Tests.csproj", "{7897DB6B-C8AF-4713-9C40-33D7C02CD668}"
EndProject
Global
	GlobalSection(SolutionConfigurationPlatforms) = preSolution
		Debug|Any CPU = Debug|Any CPU
		Release|Any CPU = Release|Any CPU
	EndGlobalSection
	GlobalSection(ProjectConfigurationPlatforms) = postSolution
		{8894FD61-B8C6-4CA4-94ED-FE5520FAA051}.Debug|Any CPU.ActiveCfg = Debug|Any CPU
		{8894FD61-B8C6-4CA4-94ED-FE5520FAA051}.Debug|Any CPU.Build.0 = Debug|Any CPU
		{8894FD61-B8C6-4CA4-94ED-FE5520FAA051}.Release|Any CPU.ActiveCfg = Release|Any CPU
		{8894FD61-B8C6-4CA4-94ED-FE5520FAA051}.Release|Any CPU.Build.0 = Release|Any CPU
		{7897DB6B-C8AF-4713-9C40-33D7C02CD668}.Debug|Any CPU.ActiveCfg = Debug|Any CPU
		{7897DB6B-C8AF-4713-9C40-33D7C02CD668}.Debug|Any CPU.Build.0 = Debug|Any CPU
		{7897DB6B-C8AF-4713-9C40-33D7C02CD668}.Release|Any CPU.ActiveCfg = Release|Any CPU
		{7897DB6B-C8AF-4713-9C40-33D7C02CD668}.Release|Any CPU.Build.0 = Release|Any CPU
	EndGlobalSection
	GlobalSection(SolutionProperties) = preSolution
		HideSolutionNode = FALSE
	EndGlobalSection
	GlobalSection(ExtensibilityGlobals) = postSolution
		SolutionGuid = {8E9F5AE9-1B52-4BF1-BCCF-0DB4561C2727}
	EndGlobalSection
EndGlobal
